// !$*UTF8*$!
{
	archiveVersion = 1;
	classes = {
	};
	objectVersion = 46;
	objects = {

/* Begin PBXBuildFile section */
		AC06C9C41DAE841100B8ABC0 /* AppDelegate.swift in Sources */ = {isa = PBXBuildFile; fileRef = AC06C9C31DAE841100B8ABC0 /* AppDelegate.swift */; };
		AC06C9C61DAE841100B8ABC0 /* SongViewController.swift in Sources */ = {isa = PBXBuildFile; fileRef = AC06C9C51DAE841100B8ABC0 /* SongViewController.swift */; };
		AC06C9C91DAE841100B8ABC0 /* Main.storyboard in Resources */ = {isa = PBXBuildFile; fileRef = AC06C9C71DAE841100B8ABC0 /* Main.storyboard */; };
		AC06C9CB1DAE841100B8ABC0 /* Assets.xcassets in Resources */ = {isa = PBXBuildFile; fileRef = AC06C9CA1DAE841100B8ABC0 /* Assets.xcassets */; };
		AC06C9CE1DAE841100B8ABC0 /* LaunchScreen.storyboard in Resources */ = {isa = PBXBuildFile; fileRef = AC06C9CC1DAE841100B8ABC0 /* LaunchScreen.storyboard */; };
		AC06C9D91DAE841100B8ABC0 /* lab01Tests.swift in Sources */ = {isa = PBXBuildFile; fileRef = AC06C9D81DAE841100B8ABC0 /* lab01Tests.swift */; };
		AC06C9E41DAE841100B8ABC0 /* lab01UITests.swift in Sources */ = {isa = PBXBuildFile; fileRef = AC06C9E31DAE841100B8ABC0 /* lab01UITests.swift */; };
		AC06C9F21DAE8FCF00B8ABC0 /* songs.plist in Resources */ = {isa = PBXBuildFile; fileRef = AC06C9F11DAE8FCF00B8ABC0 /* songs.plist */; };
		B487CD2D1DD0795100ABDAE7 /* Song.swift in Sources */ = {isa = PBXBuildFile; fileRef = B487CD2C1DD0795100ABDAE7 /* Song.swift */; };
		B487CD2F1DD07EB200ABDAE7 /* SongTableViewCell.swift in Sources */ = {isa = PBXBuildFile; fileRef = B487CD2E1DD07EB200ABDAE7 /* SongTableViewCell.swift */; };
		B487CD311DD0812500ABDAE7 /* SongTableViewController.swift in Sources */ = {isa = PBXBuildFile; fileRef = B487CD301DD0812500ABDAE7 /* SongTableViewController.swift */; };
/* End PBXBuildFile section */

/* Begin PBXContainerItemProxy section */
		AC06C9D51DAE841100B8ABC0 /* PBXContainerItemProxy */ = {
			isa = PBXContainerItemProxy;
			containerPortal = AC06C9B81DAE841100B8ABC0 /* Project object */;
			proxyType = 1;
			remoteGlobalIDString = AC06C9BF1DAE841100B8ABC0;
			remoteInfo = lab01;
		};
		AC06C9E01DAE841100B8ABC0 /* PBXContainerItemProxy */ = {
			isa = PBXContainerItemProxy;
			containerPortal = AC06C9B81DAE841100B8ABC0 /* Project object */;
			proxyType = 1;
			remoteGlobalIDString = AC06C9BF1DAE841100B8ABC0;
			remoteInfo = lab01;
		};
/* End PBXContainerItemProxy section */

/* Begin PBXFileReference section */
		AC06C9C01DAE841100B8ABC0 /* lab01.app */ = {isa = PBXFileReference; explicitFileType = wrapper.application; includeInIndex = 0; path = lab01.app; sourceTree = BUILT_PRODUCTS_DIR; };
		AC06C9C31DAE841100B8ABC0 /* AppDelegate.swift */ = {isa = PBXFileReference; lastKnownFileType = sourcecode.swift; path = AppDelegate.swift; sourceTree = "<group>"; };
		AC06C9C51DAE841100B8ABC0 /* SongViewController.swift */ = {isa = PBXFileReference; lastKnownFileType = sourcecode.swift; path = SongViewController.swift; sourceTree = "<group>"; };
		AC06C9C81DAE841100B8ABC0 /* Base */ = {isa = PBXFileReference; lastKnownFileType = file.storyboard; name = Base; path = Base.lproj/Main.storyboard; sourceTree = "<group>"; };
		AC06C9CA1DAE841100B8ABC0 /* Assets.xcassets */ = {isa = PBXFileReference; lastKnownFileType = folder.assetcatalog; path = Assets.xcassets; sourceTree = "<group>"; };
		AC06C9CD1DAE841100B8ABC0 /* Base */ = {isa = PBXFileReference; lastKnownFileType = file.storyboard; name = Base; path = Base.lproj/LaunchScreen.storyboard; sourceTree = "<group>"; };
		AC06C9CF1DAE841100B8ABC0 /* Info.plist */ = {isa = PBXFileReference; lastKnownFileType = text.plist.xml; path = Info.plist; sourceTree = "<group>"; };
		AC06C9D41DAE841100B8ABC0 /* lab01Tests.xctest */ = {isa = PBXFileReference; explicitFileType = wrapper.cfbundle; includeInIndex = 0; path = lab01Tests.xctest; sourceTree = BUILT_PRODUCTS_DIR; };
		AC06C9D81DAE841100B8ABC0 /* lab01Tests.swift */ = {isa = PBXFileReference; lastKnownFileType = sourcecode.swift; path = lab01Tests.swift; sourceTree = "<group>"; };
		AC06C9DA1DAE841100B8ABC0 /* Info.plist */ = {isa = PBXFileReference; lastKnownFileType = text.plist.xml; path = Info.plist; sourceTree = "<group>"; };
		AC06C9DF1DAE841100B8ABC0 /* lab01UITests.xctest */ = {isa = PBXFileReference; explicitFileType = wrapper.cfbundle; includeInIndex = 0; path = lab01UITests.xctest; sourceTree = BUILT_PRODUCTS_DIR; };
		AC06C9E31DAE841100B8ABC0 /* lab01UITests.swift */ = {isa = PBXFileReference; lastKnownFileType = sourcecode.swift; path = lab01UITests.swift; sourceTree = "<group>"; };
		AC06C9E51DAE841100B8ABC0 /* Info.plist */ = {isa = PBXFileReference; lastKnownFileType = text.plist.xml; path = Info.plist; sourceTree = "<group>"; };
		AC06C9F11DAE8FCF00B8ABC0 /* songs.plist */ = {isa = PBXFileReference; fileEncoding = 4; lastKnownFileType = text.plist.xml; path = songs.plist; sourceTree = "<group>"; };
		B487CD2C1DD0795100ABDAE7 /* Song.swift */ = {isa = PBXFileReference; fileEncoding = 4; lastKnownFileType = sourcecode.swift; path = Song.swift; sourceTree = "<group>"; };
		B487CD2E1DD07EB200ABDAE7 /* SongTableViewCell.swift */ = {isa = PBXFileReference; fileEncoding = 4; lastKnownFileType = sourcecode.swift; path = SongTableViewCell.swift; sourceTree = "<group>"; };
		B487CD301DD0812500ABDAE7 /* SongTableViewController.swift */ = {isa = PBXFileReference; fileEncoding = 4; lastKnownFileType = sourcecode.swift; path = SongTableViewController.swift; sourceTree = "<group>"; };
/* End PBXFileReference section */

/* Begin PBXFrameworksBuildPhase section */
		AC06C9BD1DAE841100B8ABC0 /* Frameworks */ = {
			isa = PBXFrameworksBuildPhase;
			buildActionMask = 2147483647;
			files = (
			);
			runOnlyForDeploymentPostprocessing = 0;
		};
		AC06C9D11DAE841100B8ABC0 /* Frameworks */ = {
			isa = PBXFrameworksBuildPhase;
			buildActionMask = 2147483647;
			files = (
			);
			runOnlyForDeploymentPostprocessing = 0;
		};
		AC06C9DC1DAE841100B8ABC0 /* Frameworks */ = {
			isa = PBXFrameworksBuildPhase;
			buildActionMask = 2147483647;
			files = (
			);
			runOnlyForDeploymentPostprocessing = 0;
		};
/* End PBXFrameworksBuildPhase section */

/* Begin PBXGroup section */
		AC06C9B71DAE841100B8ABC0 = {
			isa = PBXGroup;
			children = (
				AC06C9C21DAE841100B8ABC0 /* lab01 */,
				AC06C9D71DAE841100B8ABC0 /* lab01Tests */,
				AC06C9E21DAE841100B8ABC0 /* lab01UITests */,
				AC06C9C11DAE841100B8ABC0 /* Products */,
			);
			sourceTree = "<group>";
		};
		AC06C9C11DAE841100B8ABC0 /* Products */ = {
			isa = PBXGroup;
			children = (
				AC06C9C01DAE841100B8ABC0 /* lab01.app */,
				AC06C9D41DAE841100B8ABC0 /* lab01Tests.xctest */,
				AC06C9DF1DAE841100B8ABC0 /* lab01UITests.xctest */,
			);
			name = Products;
			sourceTree = "<group>";
		};
		AC06C9C21DAE841100B8ABC0 /* lab01 */ = {
			isa = PBXGroup;
			children = (
				AC06C9C31DAE841100B8ABC0 /* AppDelegate.swift */,
				AC06C9C51DAE841100B8ABC0 /* SongViewController.swift */,
				AC06C9C71DAE841100B8ABC0 /* Main.storyboard */,
				B487CD301DD0812500ABDAE7 /* SongTableViewController.swift */,
				B487CD2E1DD07EB200ABDAE7 /* SongTableViewCell.swift */,
				AC06C9CA1DAE841100B8ABC0 /* Assets.xcassets */,
				AC06C9CC1DAE841100B8ABC0 /* LaunchScreen.storyboard */,
				AC06C9CF1DAE841100B8ABC0 /* Info.plist */,
				AC06C9F11DAE8FCF00B8ABC0 /* songs.plist */,
				B487CD2C1DD0795100ABDAE7 /* Song.swift */,
			);
			path = lab01;
			sourceTree = "<group>";
		};
		AC06C9D71DAE841100B8ABC0 /* lab01Tests */ = {
			isa = PBXGroup;
			children = (
				AC06C9D81DAE841100B8ABC0 /* lab01Tests.swift */,
				AC06C9DA1DAE841100B8ABC0 /* Info.plist */,
			);
			path = lab01Tests;
			sourceTree = "<group>";
		};
		AC06C9E21DAE841100B8ABC0 /* lab01UITests */ = {
			isa = PBXGroup;
			children = (
				AC06C9E31DAE841100B8ABC0 /* lab01UITests.swift */,
				AC06C9E51DAE841100B8ABC0 /* Info.plist */,
			);
			path = lab01UITests;
			sourceTree = "<group>";
		};
/* End PBXGroup section */

/* Begin PBXNativeTarget section */
		AC06C9BF1DAE841100B8ABC0 /* lab01 */ = {
			isa = PBXNativeTarget;
			buildConfigurationList = AC06C9E81DAE841100B8ABC0 /* Build configuration list for PBXNativeTarget "lab01" */;
			buildPhases = (
				AC06C9BC1DAE841100B8ABC0 /* Sources */,
				AC06C9BD1DAE841100B8ABC0 /* Frameworks */,
				AC06C9BE1DAE841100B8ABC0 /* Resources */,
			);
			buildRules = (
			);
			dependencies = (
			);
			name = lab01;
			productName = lab01;
			productReference = AC06C9C01DAE841100B8ABC0 /* lab01.app */;
			productType = "com.apple.product-type.application";
		};
		AC06C9D31DAE841100B8ABC0 /* lab01Tests */ = {
			isa = PBXNativeTarget;
			buildConfigurationList = AC06C9EB1DAE841100B8ABC0 /* Build configuration list for PBXNativeTarget "lab01Tests" */;
			buildPhases = (
				AC06C9D01DAE841100B8ABC0 /* Sources */,
				AC06C9D11DAE841100B8ABC0 /* Frameworks */,
				AC06C9D21DAE841100B8ABC0 /* Resources */,
			);
			buildRules = (
			);
			dependencies = (
				AC06C9D61DAE841100B8ABC0 /* PBXTargetDependency */,
			);
			name = lab01Tests;
			productName = lab01Tests;
			productReference = AC06C9D41DAE841100B8ABC0 /* lab01Tests.xctest */;
			productType = "com.apple.product-type.bundle.unit-test";
		};
		AC06C9DE1DAE841100B8ABC0 /* lab01UITests */ = {
			isa = PBXNativeTarget;
			buildConfigurationList = AC06C9EE1DAE841100B8ABC0 /* Build configuration list for PBXNativeTarget "lab01UITests" */;
			buildPhases = (
				AC06C9DB1DAE841100B8ABC0 /* Sources */,
				AC06C9DC1DAE841100B8ABC0 /* Frameworks */,
				AC06C9DD1DAE841100B8ABC0 /* Resources */,
			);
			buildRules = (
			);
			dependencies = (
				AC06C9E11DAE841100B8ABC0 /* PBXTargetDependency */,
			);
			name = lab01UITests;
			productName = lab01UITests;
			productReference = AC06C9DF1DAE841100B8ABC0 /* lab01UITests.xctest */;
			productType = "com.apple.product-type.bundle.ui-testing";
		};
/* End PBXNativeTarget section */

/* Begin PBXProject section */
		AC06C9B81DAE841100B8ABC0 /* Project object */ = {
			isa = PBXProject;
			attributes = {
				LastUpgradeCheck = 0700;
				ORGANIZATIONNAME = "Użytkownik Gość";
				TargetAttributes = {
					AC06C9BF1DAE841100B8ABC0 = {
						CreatedOnToolsVersion = 7.0.1;
					};
					AC06C9D31DAE841100B8ABC0 = {
						CreatedOnToolsVersion = 7.0.1;
						TestTargetID = AC06C9BF1DAE841100B8ABC0;
					};
					AC06C9DE1DAE841100B8ABC0 = {
						CreatedOnToolsVersion = 7.0.1;
						TestTargetID = AC06C9BF1DAE841100B8ABC0;
					};
				};
			};
			buildConfigurationList = AC06C9BB1DAE841100B8ABC0 /* Build configuration list for PBXProject "lab01" */;
			compatibilityVersion = "Xcode 3.2";
			developmentRegion = English;
			hasScannedForEncodings = 0;
			knownRegions = (
				en,
				Base,
			);
			mainGroup = AC06C9B71DAE841100B8ABC0;
			productRefGroup = AC06C9C11DAE841100B8ABC0 /* Products */;
			projectDirPath = "";
			projectRoot = "";
			targets = (
				AC06C9BF1DAE841100B8ABC0 /* lab01 */,
				AC06C9D31DAE841100B8ABC0 /* lab01Tests */,
				AC06C9DE1DAE841100B8ABC0 /* lab01UITests */,
			);
		};
/* End PBXProject section */

/* Begin PBXResourcesBuildPhase section */
		AC06C9BE1DAE841100B8ABC0 /* Resources */ = {
			isa = PBXResourcesBuildPhase;
			buildActionMask = 2147483647;
			files = (
				AC06C9CE1DAE841100B8ABC0 /* LaunchScreen.storyboard in Resources */,
				AC06C9CB1DAE841100B8ABC0 /* Assets.xcassets in Resources */,
				AC06C9C91DAE841100B8ABC0 /* Main.storyboard in Resources */,
				AC06C9F21DAE8FCF00B8ABC0 /* songs.plist in Resources */,
			);
			runOnlyForDeploymentPostprocessing = 0;
		};
		AC06C9D21DAE841100B8ABC0 /* Resources */ = {
			isa = PBXResourcesBuildPhase;
			buildActionMask = 2147483647;
			files = (
			);
			runOnlyForDeploymentPostprocessing = 0;
		};
		AC06C9DD1DAE841100B8ABC0 /* Resources */ = {
			isa = PBXResourcesBuildPhase;
			buildActionMask = 2147483647;
			files = (
			);
			runOnlyForDeploymentPostprocessing = 0;
		};
/* End PBXResourcesBuildPhase section */

/* Begin PBXSourcesBuildPhase section */
		AC06C9BC1DAE841100B8ABC0 /* Sources */ = {
			isa = PBXSourcesBuildPhase;
			buildActionMask = 2147483647;
			files = (
				B487CD311DD0812500ABDAE7 /* SongTableViewController.swift in Sources */,
				B487CD2F1DD07EB200ABDAE7 /* SongTableViewCell.swift in Sources */,
				B487CD2D1DD0795100ABDAE7 /* Song.swift in Sources */,
				AC06C9C61DAE841100B8ABC0 /* SongViewController.swift in Sources */,
				AC06C9C41DAE841100B8ABC0 /* AppDelegate.swift in Sources */,
			);
			runOnlyForDeploymentPostprocessing = 0;
		};
		AC06C9D01DAE841100B8ABC0 /* Sources */ = {
			isa = PBXSourcesBuildPhase;
			buildActionMask = 2147483647;
			files = (
				AC06C9D91DAE841100B8ABC0 /* lab01Tests.swift in Sources */,
			);
			runOnlyForDeploymentPostprocessing = 0;
		};
		AC06C9DB1DAE841100B8ABC0 /* Sources */ = {
			isa = PBXSourcesBuildPhase;
			buildActionMask = 2147483647;
			files = (
				AC06C9E41DAE841100B8ABC0 /* lab01UITests.swift in Sources */,
			);
			runOnlyForDeploymentPostprocessing = 0;
		};
/* End PBXSourcesBuildPhase section */

/* Begin PBXTargetDependency section */
		AC06C9D61DAE841100B8ABC0 /* PBXTargetDependency */ = {
			isa = PBXTargetDependency;
			target = AC06C9BF1DAE841100B8ABC0 /* lab01 */;
			targetProxy = AC06C9D51DAE841100B8ABC0 /* PBXContainerItemProxy */;
		};
		AC06C9E11DAE841100B8ABC0 /* PBXTargetDependency */ = {
			isa = PBXTargetDependency;
			target = AC06C9BF1DAE841100B8ABC0 /* lab01 */;
			targetProxy = AC06C9E01DAE841100B8ABC0 /* PBXContainerItemProxy */;
		};
/* End PBXTargetDependency section */

/* Begin PBXVariantGroup section */
		AC06C9C71DAE841100B8ABC0 /* Main.storyboard */ = {
			isa = PBXVariantGroup;
			children = (
				AC06C9C81DAE841100B8ABC0 /* Base */,
			);
			name = Main.storyboard;
			sourceTree = "<group>";
		};
		AC06C9CC1DAE841100B8ABC0 /* LaunchScreen.storyboard */ = {
			isa = PBXVariantGroup;
			children = (
				AC06C9CD1DAE841100B8ABC0 /* Base */,
			);
			name = LaunchScreen.storyboard;
			sourceTree = "<group>";
		};
/* End PBXVariantGroup section */

/* Begin XCBuildConfiguration section */
		AC06C9E61DAE841100B8ABC0 /* Debug */ = {
			isa = XCBuildConfiguration;
			buildSettings = {
				ALWAYS_SEARCH_USER_PATHS = NO;
				CLANG_CXX_LANGUAGE_STANDARD = "gnu++0x";
				CLANG_CXX_LIBRARY = "libc++";
				CLANG_ENABLE_MODULES = YES;
				CLANG_ENABLE_OBJC_ARC = YES;
				CLANG_WARN_BOOL_CONVERSION = YES;
				CLANG_WARN_CONSTANT_CONVERSION = YES;
				CLANG_WARN_DIRECT_OBJC_ISA_USAGE = YES_ERROR;
				CLANG_WARN_EMPTY_BODY = YES;
				CLANG_WARN_ENUM_CONVERSION = YES;
				CLANG_WARN_INT_CONVERSION = YES;
				CLANG_WARN_OBJC_ROOT_CLASS = YES_ERROR;
				CLANG_WARN_UNREACHABLE_CODE = YES;
				CLANG_WARN__DUPLICATE_METHOD_MATCH = YES;
				"CODE_SIGN_IDENTITY[sdk=iphoneos*]" = "iPhone Developer";
				COPY_PHASE_STRIP = NO;
				DEBUG_INFORMATION_FORMAT = dwarf;
				ENABLE_STRICT_OBJC_MSGSEND = YES;
				ENABLE_TESTABILITY = YES;
				GCC_C_LANGUAGE_STANDARD = gnu99;
				GCC_DYNAMIC_NO_PIC = NO;
				GCC_NO_COMMON_BLOCKS = YES;
				GCC_OPTIMIZATION_LEVEL = 0;
				GCC_PREPROCESSOR_DEFINITIONS = (
					"DEBUG=1",
					"$(inherited)",
				);
				GCC_WARN_64_TO_32_BIT_CONVERSION = YES;
				GCC_WARN_ABOUT_RETURN_TYPE = YES_ERROR;
				GCC_WARN_UNDECLARED_SELECTOR = YES;
				GCC_WARN_UNINITIALIZED_AUTOS = YES_AGGRESSIVE;
				GCC_WARN_UNUSED_FUNCTION = YES;
				GCC_WARN_UNUSED_VARIABLE = YES;
				IPHONEOS_DEPLOYMENT_TARGET = 9.0;
				MTL_ENABLE_DEBUG_INFO = YES;
				ONLY_ACTIVE_ARCH = YES;
				SDKROOT = iphoneos;
				SWIFT_OPTIMIZATION_LEVEL = "-Onone";
				TARGETED_DEVICE_FAMILY = "1,2";
			};
			name = Debug;
		};
		AC06C9E71DAE841100B8ABC0 /* Release */ = {
			isa = XCBuildConfiguration;
			buildSettings = {
				ALWAYS_SEARCH_USER_PATHS = NO;
				CLANG_CXX_LANGUAGE_STANDARD = "gnu++0x";
				CLANG_CXX_LIBRARY = "libc++";
				CLANG_ENABLE_MODULES = YES;
				CLANG_ENABLE_OBJC_ARC = YES;
				CLANG_WARN_BOOL_CONVERSION = YES;
				CLANG_WARN_CONSTANT_CONVERSION = YES;
				CLANG_WARN_DIRECT_OBJC_ISA_USAGE = YES_ERROR;
				CLANG_WARN_EMPTY_BODY = YES;
				CLANG_WARN_ENUM_CONVERSION = YES;
				CLANG_WARN_INT_CONVERSION = YES;
				CLANG_WARN_OBJC_ROOT_CLASS = YES_ERROR;
				CLANG_WARN_UNREACHABLE_CODE = YES;
				CLANG_WARN__DUPLICATE_METHOD_MATCH = YES;
				"CODE_SIGN_IDENTITY[sdk=iphoneos*]" = "iPhone Developer";
				COPY_PHASE_STRIP = NO;
				DEBUG_INFORMATION_FORMAT = "dwarf-with-dsym";
				ENABLE_NS_ASSERTIONS = NO;
				ENABLE_STRICT_OBJC_MSGSEND = YES;
				GCC_C_LANGUAGE_STANDARD = gnu99;
				GCC_NO_COMMON_BLOCKS = YES;
				GCC_WARN_64_TO_32_BIT_CONVERSION = YES;
				GCC_WARN_ABOUT_RETURN_TYPE = YES_ERROR;
				GCC_WARN_UNDECLARED_SELECTOR = YES;
				GCC_WARN_UNINITIALIZED_AUTOS = YES_AGGRESSIVE;
				GCC_WARN_UNUSED_FUNCTION = YES;
				GCC_WARN_UNUSED_VARIABLE = YES;
				IPHONEOS_DEPLOYMENT_TARGET = 9.0;
				MTL_ENABLE_DEBUG_INFO = NO;
				SDKROOT = iphoneos;
				TARGETED_DEVICE_FAMILY = "1,2";
				VALIDATE_PRODUCT = YES;
			};
			name = Release;
		};
		AC06C9E91DAE841100B8ABC0 /* Debug */ = {
			isa = XCBuildConfiguration;
			buildSettings = {
				ASSETCATALOG_COMPILER_APPICON_NAME = AppIcon;
				INFOPLIST_FILE = lab01/Info.plist;
				LD_RUNPATH_SEARCH_PATHS = "$(inherited) @executable_path/Frameworks";
				PRODUCT_BUNDLE_IDENTIFIER = kolbusz.lab01;
				PRODUCT_NAME = "$(TARGET_NAME)";
			};
			name = Debug;
		};
		AC06C9EA1DAE841100B8ABC0 /* Release */ = {
			isa = XCBuildConfiguration;
			buildSettings = {
				ASSETCATALOG_COMPILER_APPICON_NAME = AppIcon;
				INFOPLIST_FILE = lab01/Info.plist;
				LD_RUNPATH_SEARCH_PATHS = "$(inherited) @executable_path/Frameworks";
				PRODUCT_BUNDLE_IDENTIFIER = kolbusz.lab01;
				PRODUCT_NAME = "$(TARGET_NAME)";
			};
			name = Release;
		};
		AC06C9EC1DAE841100B8ABC0 /* Debug */ = {
			isa = XCBuildConfiguration;
			buildSettings = {
				BUNDLE_LOADER = "$(TEST_HOST)";
				INFOPLIST_FILE = lab01Tests/Info.plist;
				LD_RUNPATH_SEARCH_PATHS = "$(inherited) @executable_path/Frameworks @loader_path/Frameworks";
				PRODUCT_BUNDLE_IDENTIFIER = kolbusz.lab01Tests;
				PRODUCT_NAME = "$(TARGET_NAME)";
				TEST_HOST = "$(BUILT_PRODUCTS_DIR)/lab01.app/lab01";
			};
			name = Debug;
		};
		AC06C9ED1DAE841100B8ABC0 /* Release */ = {
			isa = XCBuildConfiguration;
			buildSettings = {
				BUNDLE_LOADER = "$(TEST_HOST)";
				INFOPLIST_FILE = lab01Tests/Info.plist;
				LD_RUNPATH_SEARCH_PATHS = "$(inherited) @executable_path/Frameworks @loader_path/Frameworks";
				PRODUCT_BUNDLE_IDENTIFIER = kolbusz.lab01Tests;
				PRODUCT_NAME = "$(TARGET_NAME)";
				TEST_HOST = "$(BUILT_PRODUCTS_DIR)/lab01.app/lab01";
			};
			name = Release;
		};
		AC06C9EF1DAE841100B8ABC0 /* Debug */ = {
			isa = XCBuildConfiguration;
			buildSettings = {
				INFOPLIST_FILE = lab01UITests/Info.plist;
				LD_RUNPATH_SEARCH_PATHS = "$(inherited) @executable_path/Frameworks @loader_path/Frameworks";
				PRODUCT_BUNDLE_IDENTIFIER = kolbusz.lab01UITests;
				PRODUCT_NAME = "$(TARGET_NAME)";
				TEST_TARGET_NAME = lab01;
				USES_XCTRUNNER = YES;
			};
			name = Debug;
		};
		AC06C9F01DAE841100B8ABC0 /* Release */ = {
			isa = XCBuildConfiguration;
			buildSettings = {
				INFOPLIST_FILE = lab01UITests/Info.plist;
				LD_RUNPATH_SEARCH_PATHS = "$(inherited) @executable_path/Frameworks @loader_path/Frameworks";
				PRODUCT_BUNDLE_IDENTIFIER = kolbusz.lab01UITests;
				PRODUCT_NAME = "$(TARGET_NAME)";
				TEST_TARGET_NAME = lab01;
				USES_XCTRUNNER = YES;
			};
			name = Release;
		};
/* End XCBuildConfiguration section */

/* Begin XCConfigurationList section */
		AC06C9BB1DAE841100B8ABC0 /* Build configuration list for PBXProject "lab01" */ = {
			isa = XCConfigurationList;
			buildConfigurations = (
				AC06C9E61DAE841100B8ABC0 /* Debug */,
				AC06C9E71DAE841100B8ABC0 /* Release */,
			);
			defaultConfigurationIsVisible = 0;
			defaultConfigurationName = Release;
		};
		AC06C9E81DAE841100B8ABC0 /* Build configuration list for PBXNativeTarget "lab01" */ = {
			isa = XCConfigurationList;
			buildConfigurations = (
				AC06C9E91DAE841100B8ABC0 /* Debug */,
				AC06C9EA1DAE841100B8ABC0 /* Release */,
			);
			defaultConfigurationIsVisible = 0;
			defaultConfigurationName = Release;
		};
		AC06C9EB1DAE841100B8ABC0 /* Build configuration list for PBXNativeTarget "lab01Tests" */ = {
			isa = XCConfigurationList;
			buildConfigurations = (
				AC06C9EC1DAE841100B8ABC0 /* Debug */,
				AC06C9ED1DAE841100B8ABC0 /* Release */,
			);
			defaultConfigurationIsVisible = 0;
			defaultConfigurationName = Release;
		};
		AC06C9EE1DAE841100B8ABC0 /* Build configuration list for PBXNativeTarget "lab01UITests" */ = {
			isa = XCConfigurationList;
			buildConfigurations = (
				AC06C9EF1DAE841100B8ABC0 /* Debug */,
				AC06C9F01DAE841100B8ABC0 /* Release */,
			);
			defaultConfigurationIsVisible = 0;
			defaultConfigurationName = Release;
		};
/* End XCConfigurationList section */
	};
	rootObject = AC06C9B81DAE841100B8ABC0 /* Project object */;
}
